
Microsoft Visual Studio Solution File, Format Version 12.00
# Visual Studio 15
VisualStudioVersion = 15.0.27130.2027
MinimumVisualStudioVersion = 10.0.40219.1
Project("{FAE04EC0-301F-11D3-BF4B-00C04F79EFBC}") = "ChangeReturnProgram", "ChangeReturnProgram\ChangeReturnProgram.csproj", "{D836C5BE-E55C-4838-BC4A-EA222BC59D5B}"
EndProject
Global
	GlobalSection(SolutionConfigurationPlatforms) = preSolution
		Debug|Any CPU = Debug|Any CPU
		Release|Any CPU = Release|Any CPU
	EndGlobalSection
	GlobalSection(ProjectConfigurationPlatforms) = postSolution
		{D836C5BE-E55C-4838-BC4A-EA222BC59D5B}.Debug|Any CPU.ActiveCfg = Debug|Any CPU
		{D836C5BE-E55C-4838-BC4A-EA222BC59D5B}.Debug|Any CPU.Build.0 = Debug|Any CPU
		{D836C5BE-E55C-4838-BC4A-EA222BC59D5B}.Release|Any CPU.ActiveCfg = Release|Any CPU
		{D836C5BE-E55C-4838-BC4A-EA222BC59D5B}.Release|Any CPU.Build.0 = Release|Any CPU
	EndGlobalSection
	GlobalSection(SolutionProperties) = preSolution
		HideSolutionNode = FALSE
	EndGlobalSection
	GlobalSection(ExtensibilityGlobals) = postSolution
		SolutionGuid = {3793BF07-70AC-47F1-9EA3-85C4171BEA20}
	EndGlobalSection
EndGlobal
